
Microsoft Visual Studio Solution File, Format Version 12.00
# Visual Studio Version 16
VisualStudioVersion = 16.0.31613.86
MinimumVisualStudioVersion = 10.0.40219.1
Project("{2150E333-8FDC-42A3-9474-1A3956D46DE8}") = "Solution Items", "Solution Items", "{52091F79-C20E-4788-94B6-6E8F0FFCF006}"
	ProjectSection(SolutionItems) = preProject
		README.md = README.md
	EndProjectSection
EndProject
Project("{9A19103F-16F7-4668-BE54-9A1E7A4F7556}") = "gettext_in_blazor.Server", "gettext_in_blazor\Server\gettext_in_blazor.Server.csproj", "{458474CB-16D6-4535-8B34-10F33305097C}"
EndProject
Project("{9A19103F-16F7-4668-BE54-9A1E7A4F7556}") = "gettext_in_blazor.Client", "gettext_in_blazor\Client\gettext_in_blazor.Client.csproj", "{A9BF2E85-5A49-4371-B274-7CCB3DCED27E}"
EndProject
Project("{9A19103F-16F7-4668-BE54-9A1E7A4F7556}") = "gettext_in_blazor.Shared", "gettext_in_blazor\Shared\gettext_in_blazor.Shared.csproj", "{183C0E20-4216-46D7-B2A9-A940CE2891F7}"
EndProject
Project("{2150E333-8FDC-42A3-9474-1A3956D46DE8}") = "Tests", "Tests", "{10992316-DD56-4E4A-B7FB-11DC9CE7B803}"
EndProject
Project("{9A19103F-16F7-4668-BE54-9A1E7A4F7556}") = "Test_Library_Interface", "Tests\Test_Library_Interface\Test_Library_Interface.csproj", "{06BCE8B6-8B16-4A74-98D4-DF1BC8D9B557}"
EndProject
Global
	GlobalSection(SolutionConfigurationPlatforms) = preSolution
		Debug|Any CPU = Debug|Any CPU
		Release|Any CPU = Release|Any CPU
	EndGlobalSection
	GlobalSection(ProjectConfigurationPlatforms) = postSolution
		{458474CB-16D6-4535-8B34-10F33305097C}.Debug|Any CPU.ActiveCfg = Debug|Any CPU
		{458474CB-16D6-4535-8B34-10F33305097C}.Debug|Any CPU.Build.0 = Debug|Any CPU
		{458474CB-16D6-4535-8B34-10F33305097C}.Release|Any CPU.ActiveCfg = Release|Any CPU
		{458474CB-16D6-4535-8B34-10F33305097C}.Release|Any CPU.Build.0 = Release|Any CPU
		{A9BF2E85-5A49-4371-B274-7CCB3DCED27E}.Debug|Any CPU.ActiveCfg = Debug|Any CPU
		{A9BF2E85-5A49-4371-B274-7CCB3DCED27E}.Debug|Any CPU.Build.0 = Debug|Any CPU
		{A9BF2E85-5A49-4371-B274-7CCB3DCED27E}.Release|Any CPU.ActiveCfg = Release|Any CPU
		{A9BF2E85-5A49-4371-B274-7CCB3DCED27E}.Release|Any CPU.Build.0 = Release|Any CPU
		{183C0E20-4216-46D7-B2A9-A940CE2891F7}.Debug|Any CPU.ActiveCfg = Debug|Any CPU
		{183C0E20-4216-46D7-B2A9-A940CE2891F7}.Debug|Any CPU.Build.0 = Debug|Any CPU
		{183C0E20-4216-46D7-B2A9-A940CE2891F7}.Release|Any CPU.ActiveCfg = Release|Any CPU
		{183C0E20-4216-46D7-B2A9-A940CE2891F7}.Release|Any CPU.Build.0 = Release|Any CPU
		{06BCE8B6-8B16-4A74-98D4-DF1BC8D9B557}.Debug|Any CPU.ActiveCfg = Debug|Any CPU
		{06BCE8B6-8B16-4A74-98D4-DF1BC8D9B557}.Debug|Any CPU.Build.0 = Debug|Any CPU
		{06BCE8B6-8B16-4A74-98D4-DF1BC8D9B557}.Release|Any CPU.ActiveCfg = Release|Any CPU
		{06BCE8B6-8B16-4A74-98D4-DF1BC8D9B557}.Release|Any CPU.Build.0 = Release|Any CPU
	EndGlobalSection
	GlobalSection(SolutionProperties) = preSolution
		HideSolutionNode = FALSE
	EndGlobalSection
	GlobalSection(NestedProjects) = preSolution
		{06BCE8B6-8B16-4A74-98D4-DF1BC8D9B557} = {10992316-DD56-4E4A-B7FB-11DC9CE7B803}
	EndGlobalSection
	GlobalSection(ExtensibilityGlobals) = postSolution
		SolutionGuid = {B619D763-04CD-4969-BE2C-E9542CEFD954}
	EndGlobalSection
EndGlobal
